
Microsoft Visual Studio Solution File, Format Version 12.00
# Visual Studio Version 17
VisualStudioVersion = 17.5.002.0
MinimumVisualStudioVersion = 10.0.40219.1
Project("{9A19103F-16F7-4668-BE54-9A1E7A4F7556}") = "netscanner", "netscanner.csproj", "{DE13C54A-C053-4794-9127-A44262BFF48D}"
EndProject
Global
	GlobalSection(SolutionConfigurationPlatforms) = preSolution
		Debug|Any CPU = Debug|Any CPU
		Release|Any CPU = Release|Any CPU
	EndGlobalSection
	GlobalSection(ProjectConfigurationPlatforms) = postSolution
		{DE13C54A-C053-4794-9127-A44262BFF48D}.Debug|Any CPU.ActiveCfg = Debug|Any CPU
		{DE13C54A-C053-4794-9127-A44262BFF48D}.Debug|Any CPU.Build.0 = Debug|Any CPU
		{DE13C54A-C053-4794-9127-A44262BFF48D}.Release|Any CPU.ActiveCfg = Release|Any CPU
		{DE13C54A-C053-4794-9127-A44262BFF48D}.Release|Any CPU.Build.0 = Release|Any CPU
	EndGlobalSection
	GlobalSection(SolutionProperties) = preSolution
		HideSolutionNode = FALSE
	EndGlobalSection
	GlobalSection(ExtensibilityGlobals) = postSolution
		SolutionGuid = {37B48502-69FC-4141-870E-88B8AF707439}
	EndGlobalSection
EndGlobal
